
Microsoft Visual Studio Solution File, Format Version 12.00
# Visual Studio 14
VisualStudioVersion = 14.0.25420.1
MinimumVisualStudioVersion = 10.0.40219.1
Project("{FAE04EC0-301F-11D3-BF4B-00C04F79EFBC}") = "Dal", "Dal\Dal.csproj", "{745104E0-CEB6-4C4C-835A-D5FA92CEC1B7}"
EndProject
Project("{FAE04EC0-301F-11D3-BF4B-00C04F79EFBC}") = "Bo", "Bo\Bo.csproj", "{9A057569-4B7E-45EB-9049-7240F3795024}"
EndProject
Project("{FAE04EC0-301F-11D3-BF4B-00C04F79EFBC}") = "Bll", "Bll\Bll.csproj", "{D20BF719-4AF8-4E43-8FBF-FFEBE9B12686}"
EndProject
Global
	GlobalSection(SolutionConfigurationPlatforms) = preSolution
		Debug|Any CPU = Debug|Any CPU
		Release|Any CPU = Release|Any CPU
	EndGlobalSection
	GlobalSection(ProjectConfigurationPlatforms) = postSolution
		{745104E0-CEB6-4C4C-835A-D5FA92CEC1B7}.Debug|Any CPU.ActiveCfg = Debug|Any CPU
		{745104E0-CEB6-4C4C-835A-D5FA92CEC1B7}.Debug|Any CPU.Build.0 = Debug|Any CPU
		{745104E0-CEB6-4C4C-835A-D5FA92CEC1B7}.Release|Any CPU.ActiveCfg = Release|Any CPU
		{745104E0-CEB6-4C4C-835A-D5FA92CEC1B7}.Release|Any CPU.Build.0 = Release|Any CPU
		{9A057569-4B7E-45EB-9049-7240F3795024}.Debug|Any CPU.ActiveCfg = Debug|Any CPU
		{9A057569-4B7E-45EB-9049-7240F3795024}.Debug|Any CPU.Build.0 = Debug|Any CPU
		{9A057569-4B7E-45EB-9049-7240F3795024}.Release|Any CPU.ActiveCfg = Release|Any CPU
		{9A057569-4B7E-45EB-9049-7240F3795024}.Release|Any CPU.Build.0 = Release|Any CPU
		{D20BF719-4AF8-4E43-8FBF-FFEBE9B12686}.Debug|Any CPU.ActiveCfg = Debug|Any CPU
		{D20BF719-4AF8-4E43-8FBF-FFEBE9B12686}.Debug|Any CPU.Build.0 = Debug|Any CPU
		{D20BF719-4AF8-4E43-8FBF-FFEBE9B12686}.Release|Any CPU.ActiveCfg = Release|Any CPU
		{D20BF719-4AF8-4E43-8FBF-FFEBE9B12686}.Release|Any CPU.Build.0 = Release|Any CPU
	EndGlobalSection
	GlobalSection(SolutionProperties) = preSolution
		HideSolutionNode = FALSE
	EndGlobalSection
EndGlobal
