
Microsoft Visual Studio Solution File, Format Version 12.00
# Visual Studio 14
VisualStudioVersion = 14.0.25420.1
MinimumVisualStudioVersion = 10.0.40219.1
Project("{FAE04EC0-301F-11D3-BF4B-00C04F79EFBC}") = "Prochnow.Dal", "Prochnow.Dal\Prochnow.Dal.csproj", "{30E56293-8947-44D8-AABC-4DF0CC131F7F}"
EndProject
Project("{2150E333-8FDC-42A3-9474-1A3956D46DE8}") = "Managers", "Managers", "{83FB254B-F68E-40FC-92C8-75F470D95A42}"
	ProjectSection(SolutionItems) = preProject
		AuteurManager.cs = AuteurManager.cs
		MultimediaManager.cs = MultimediaManager.cs
	EndProjectSection
EndProject
Global
	GlobalSection(SolutionConfigurationPlatforms) = preSolution
		Debug|Any CPU = Debug|Any CPU
		Release|Any CPU = Release|Any CPU
	EndGlobalSection
	GlobalSection(ProjectConfigurationPlatforms) = postSolution
		{30E56293-8947-44D8-AABC-4DF0CC131F7F}.Debug|Any CPU.ActiveCfg = Debug|Any CPU
		{30E56293-8947-44D8-AABC-4DF0CC131F7F}.Debug|Any CPU.Build.0 = Debug|Any CPU
		{30E56293-8947-44D8-AABC-4DF0CC131F7F}.Release|Any CPU.ActiveCfg = Release|Any CPU
		{30E56293-8947-44D8-AABC-4DF0CC131F7F}.Release|Any CPU.Build.0 = Release|Any CPU
	EndGlobalSection
	GlobalSection(SolutionProperties) = preSolution
		HideSolutionNode = FALSE
	EndGlobalSection
EndGlobal
