
Microsoft Visual Studio Solution File, Format Version 12.00
# Visual Studio 14
VisualStudioVersion = 14.0.25420.1
MinimumVisualStudioVersion = 10.0.40219.1
Project("{FAE04EC0-301F-11D3-BF4B-00C04F79EFBC}") = "Masolution3", "Masolution3\Masolution3.csproj", "{4982D82D-6E38-4D3A-979C-5D55A54DBA4D}"
EndProject
Project("{FAE04EC0-301F-11D3-BF4B-00C04F79EFBC}") = "Exercice 3", "Exercice 3\Exercice 3.csproj", "{8CAEAE7D-2997-43DC-8EB3-7652FF92F03A}"
EndProject
Global
	GlobalSection(SolutionConfigurationPlatforms) = preSolution
		Debug|Any CPU = Debug|Any CPU
		Release|Any CPU = Release|Any CPU
	EndGlobalSection
	GlobalSection(ProjectConfigurationPlatforms) = postSolution
		{4982D82D-6E38-4D3A-979C-5D55A54DBA4D}.Debug|Any CPU.ActiveCfg = Debug|Any CPU
		{4982D82D-6E38-4D3A-979C-5D55A54DBA4D}.Debug|Any CPU.Build.0 = Debug|Any CPU
		{4982D82D-6E38-4D3A-979C-5D55A54DBA4D}.Release|Any CPU.ActiveCfg = Release|Any CPU
		{4982D82D-6E38-4D3A-979C-5D55A54DBA4D}.Release|Any CPU.Build.0 = Release|Any CPU
		{8CAEAE7D-2997-43DC-8EB3-7652FF92F03A}.Debug|Any CPU.ActiveCfg = Debug|Any CPU
		{8CAEAE7D-2997-43DC-8EB3-7652FF92F03A}.Debug|Any CPU.Build.0 = Debug|Any CPU
		{8CAEAE7D-2997-43DC-8EB3-7652FF92F03A}.Release|Any CPU.ActiveCfg = Release|Any CPU
		{8CAEAE7D-2997-43DC-8EB3-7652FF92F03A}.Release|Any CPU.Build.0 = Release|Any CPU
	EndGlobalSection
	GlobalSection(SolutionProperties) = preSolution
		HideSolutionNode = FALSE
	EndGlobalSection
EndGlobal
